
Microsoft Visual Studio Solution File, Format Version 12.00
Project("{FAE04EC0-301F-11D3-BF4B-00C04F79EFBC}") = "YTT_8", "YTT_8\YTT_8.csproj", "{CE9A4466-4FDE-407A-8852-137F57B0F0E7}"
EndProject
Global
	GlobalSection(SolutionConfigurationPlatforms) = preSolution
		Debug|Any CPU = Debug|Any CPU
		Release|Any CPU = Release|Any CPU
	EndGlobalSection
	GlobalSection(ProjectConfigurationPlatforms) = postSolution
		{CE9A4466-4FDE-407A-8852-137F57B0F0E7}.Debug|Any CPU.ActiveCfg = Debug|Any CPU
		{CE9A4466-4FDE-407A-8852-137F57B0F0E7}.Debug|Any CPU.Build.0 = Debug|Any CPU
		{CE9A4466-4FDE-407A-8852-137F57B0F0E7}.Release|Any CPU.ActiveCfg = Release|Any CPU
		{CE9A4466-4FDE-407A-8852-137F57B0F0E7}.Release|Any CPU.Build.0 = Release|Any CPU
	EndGlobalSection
EndGlobal
